
Microsoft Visual Studio Solution File, Format Version 12.00
# Visual Studio Version 17
VisualStudioVersion = 17.4.33213.308
MinimumVisualStudioVersion = 10.0.40219.1
Project("{2150E333-8FDC-42A3-9474-1A3956D46DE8}") = "Libs", "Libs", "{B1D2476D-5CC4-4A2F-A871-1E6AEEDD32CB}"
EndProject
Project("{2150E333-8FDC-42A3-9474-1A3956D46DE8}") = "Source", "Source", "{1D4745F9-A5E2-4B47-AC7A-AF5969D7C4DB}"
EndProject
Project("{2150E333-8FDC-42A3-9474-1A3956D46DE8}") = "Application Layer", "Application Layer", "{76CBA50D-7BFB-4E90-842A-AA95B536A848}"
EndProject
Project("{2150E333-8FDC-42A3-9474-1A3956D46DE8}") = "Database Layer", "Database Layer", "{20AF5A9B-4306-4428-A405-B7D9DDEDBBCA}"
EndProject
Project("{2150E333-8FDC-42A3-9474-1A3956D46DE8}") = "Domain Layer", "Domain Layer", "{7210BF29-04F4-44F0-8B01-270BFE2DE5AA}"
EndProject
Project("{2150E333-8FDC-42A3-9474-1A3956D46DE8}") = "Persistence Layer", "Persistence Layer", "{BC3A6122-FD21-4939-8541-50B72FA2D777}"
EndProject
Project("{2150E333-8FDC-42A3-9474-1A3956D46DE8}") = "Presentation Layer", "Presentation Layer", "{36F9B280-FFCC-490B-A637-D85CB3AEAAD9}"
EndProject
Project("{2150E333-8FDC-42A3-9474-1A3956D46DE8}") = "Services Layer", "Services Layer", "{C84F92C2-671A-4723-BF22-D14060501C39}"
EndProject
Project("{2150E333-8FDC-42A3-9474-1A3956D46DE8}") = "Transversal Layer", "Transversal Layer", "{0E91C9E3-A0DC-4A88-A2DE-0B9082ABB025}"
EndProject
Project("{9A19103F-16F7-4668-BE54-9A1E7A4F7556}") = "Softtek.Domain", "Softtek.Domain\Softtek.Domain.csproj", "{C23AAEC1-C85E-4ADB-A729-1E2B67BED4DC}"
EndProject
Project("{9A19103F-16F7-4668-BE54-9A1E7A4F7556}") = "Softtek.Repository", "Softtek.Repository\Softtek.Repository.csproj", "{34F4AC9D-96A3-4885-978D-40C595112A85}"
EndProject
Project("{9A19103F-16F7-4668-BE54-9A1E7A4F7556}") = "Softtek.Repository.SqlServer", "Softtek.Repository.SqlServer\Softtek.Repository.SqlServer.csproj", "{60CC95EB-D135-47CC-B3DF-71873B43221A}"
EndProject
Project("{9A19103F-16F7-4668-BE54-9A1E7A4F7556}") = "Softtek.Common", "Softtek.Common\Softtek.Common.csproj", "{5C77637F-C2DE-4C89-AF20-C1CEC03DEC7A}"
EndProject
Project("{9A19103F-16F7-4668-BE54-9A1E7A4F7556}") = "Softtek.Configuration", "Softtek.Configuration\Softtek.Configuration.csproj", "{694FAFD6-88D5-420D-A133-7BC2A7B8E181}"
EndProject
Project("{9A19103F-16F7-4668-BE54-9A1E7A4F7556}") = "Softtek.Service", "Softtek.Service\Softtek.Service.csproj", "{3019E732-D997-437A-B1BE-4BA9609F2C6A}"
EndProject
Project("{9A19103F-16F7-4668-BE54-9A1E7A4F7556}") = "Softtek.BizLogic", "Softtek.BizLogic\Softtek.BizLogic.csproj", "{691CDB6A-6831-4851-9407-3415B85EBFA1}"
EndProject
Project("{9A19103F-16F7-4668-BE54-9A1E7A4F7556}") = "Softtek.Web", "Softtek.Web\Softtek.Web.csproj", "{A95CD2D4-B685-420D-AFB0-EB74AFA720D9}"
EndProject
Project("{2150E333-8FDC-42A3-9474-1A3956D46DE8}") = "BD", "BD", "{69418975-74D7-4430-8363-EF31FB5AB145}"
	ProjectSection(SolutionItems) = preProject
		..\..\Script\BD_Softtek.sql = ..\..\Script\BD_Softtek.sql
	EndProjectSection
EndProject
Global
	GlobalSection(SolutionConfigurationPlatforms) = preSolution
		Debug|Any CPU = Debug|Any CPU
		Release|Any CPU = Release|Any CPU
	EndGlobalSection
	GlobalSection(ProjectConfigurationPlatforms) = postSolution
		{C23AAEC1-C85E-4ADB-A729-1E2B67BED4DC}.Debug|Any CPU.ActiveCfg = Debug|Any CPU
		{C23AAEC1-C85E-4ADB-A729-1E2B67BED4DC}.Debug|Any CPU.Build.0 = Debug|Any CPU
		{C23AAEC1-C85E-4ADB-A729-1E2B67BED4DC}.Release|Any CPU.ActiveCfg = Release|Any CPU
		{C23AAEC1-C85E-4ADB-A729-1E2B67BED4DC}.Release|Any CPU.Build.0 = Release|Any CPU
		{34F4AC9D-96A3-4885-978D-40C595112A85}.Debug|Any CPU.ActiveCfg = Debug|Any CPU
		{34F4AC9D-96A3-4885-978D-40C595112A85}.Debug|Any CPU.Build.0 = Debug|Any CPU
		{34F4AC9D-96A3-4885-978D-40C595112A85}.Release|Any CPU.ActiveCfg = Release|Any CPU
		{34F4AC9D-96A3-4885-978D-40C595112A85}.Release|Any CPU.Build.0 = Release|Any CPU
		{60CC95EB-D135-47CC-B3DF-71873B43221A}.Debug|Any CPU.ActiveCfg = Debug|Any CPU
		{60CC95EB-D135-47CC-B3DF-71873B43221A}.Debug|Any CPU.Build.0 = Debug|Any CPU
		{60CC95EB-D135-47CC-B3DF-71873B43221A}.Release|Any CPU.ActiveCfg = Release|Any CPU
		{60CC95EB-D135-47CC-B3DF-71873B43221A}.Release|Any CPU.Build.0 = Release|Any CPU
		{5C77637F-C2DE-4C89-AF20-C1CEC03DEC7A}.Debug|Any CPU.ActiveCfg = Debug|Any CPU
		{5C77637F-C2DE-4C89-AF20-C1CEC03DEC7A}.Debug|Any CPU.Build.0 = Debug|Any CPU
		{5C77637F-C2DE-4C89-AF20-C1CEC03DEC7A}.Release|Any CPU.ActiveCfg = Release|Any CPU
		{5C77637F-C2DE-4C89-AF20-C1CEC03DEC7A}.Release|Any CPU.Build.0 = Release|Any CPU
		{694FAFD6-88D5-420D-A133-7BC2A7B8E181}.Debug|Any CPU.ActiveCfg = Debug|Any CPU
		{694FAFD6-88D5-420D-A133-7BC2A7B8E181}.Debug|Any CPU.Build.0 = Debug|Any CPU
		{694FAFD6-88D5-420D-A133-7BC2A7B8E181}.Release|Any CPU.ActiveCfg = Release|Any CPU
		{694FAFD6-88D5-420D-A133-7BC2A7B8E181}.Release|Any CPU.Build.0 = Release|Any CPU
		{3019E732-D997-437A-B1BE-4BA9609F2C6A}.Debug|Any CPU.ActiveCfg = Debug|Any CPU
		{3019E732-D997-437A-B1BE-4BA9609F2C6A}.Debug|Any CPU.Build.0 = Debug|Any CPU
		{3019E732-D997-437A-B1BE-4BA9609F2C6A}.Release|Any CPU.ActiveCfg = Release|Any CPU
		{3019E732-D997-437A-B1BE-4BA9609F2C6A}.Release|Any CPU.Build.0 = Release|Any CPU
		{691CDB6A-6831-4851-9407-3415B85EBFA1}.Debug|Any CPU.ActiveCfg = Debug|Any CPU
		{691CDB6A-6831-4851-9407-3415B85EBFA1}.Debug|Any CPU.Build.0 = Debug|Any CPU
		{691CDB6A-6831-4851-9407-3415B85EBFA1}.Release|Any CPU.ActiveCfg = Release|Any CPU
		{691CDB6A-6831-4851-9407-3415B85EBFA1}.Release|Any CPU.Build.0 = Release|Any CPU
		{A95CD2D4-B685-420D-AFB0-EB74AFA720D9}.Debug|Any CPU.ActiveCfg = Debug|Any CPU
		{A95CD2D4-B685-420D-AFB0-EB74AFA720D9}.Debug|Any CPU.Build.0 = Debug|Any CPU
		{A95CD2D4-B685-420D-AFB0-EB74AFA720D9}.Release|Any CPU.ActiveCfg = Release|Any CPU
		{A95CD2D4-B685-420D-AFB0-EB74AFA720D9}.Release|Any CPU.Build.0 = Release|Any CPU
	EndGlobalSection
	GlobalSection(SolutionProperties) = preSolution
		HideSolutionNode = FALSE
	EndGlobalSection
	GlobalSection(NestedProjects) = preSolution
		{76CBA50D-7BFB-4E90-842A-AA95B536A848} = {1D4745F9-A5E2-4B47-AC7A-AF5969D7C4DB}
		{20AF5A9B-4306-4428-A405-B7D9DDEDBBCA} = {1D4745F9-A5E2-4B47-AC7A-AF5969D7C4DB}
		{7210BF29-04F4-44F0-8B01-270BFE2DE5AA} = {1D4745F9-A5E2-4B47-AC7A-AF5969D7C4DB}
		{BC3A6122-FD21-4939-8541-50B72FA2D777} = {1D4745F9-A5E2-4B47-AC7A-AF5969D7C4DB}
		{36F9B280-FFCC-490B-A637-D85CB3AEAAD9} = {1D4745F9-A5E2-4B47-AC7A-AF5969D7C4DB}
		{C84F92C2-671A-4723-BF22-D14060501C39} = {1D4745F9-A5E2-4B47-AC7A-AF5969D7C4DB}
		{0E91C9E3-A0DC-4A88-A2DE-0B9082ABB025} = {1D4745F9-A5E2-4B47-AC7A-AF5969D7C4DB}
		{C23AAEC1-C85E-4ADB-A729-1E2B67BED4DC} = {7210BF29-04F4-44F0-8B01-270BFE2DE5AA}
		{34F4AC9D-96A3-4885-978D-40C595112A85} = {BC3A6122-FD21-4939-8541-50B72FA2D777}
		{60CC95EB-D135-47CC-B3DF-71873B43221A} = {BC3A6122-FD21-4939-8541-50B72FA2D777}
		{5C77637F-C2DE-4C89-AF20-C1CEC03DEC7A} = {0E91C9E3-A0DC-4A88-A2DE-0B9082ABB025}
		{694FAFD6-88D5-420D-A133-7BC2A7B8E181} = {0E91C9E3-A0DC-4A88-A2DE-0B9082ABB025}
		{3019E732-D997-437A-B1BE-4BA9609F2C6A} = {C84F92C2-671A-4723-BF22-D14060501C39}
		{691CDB6A-6831-4851-9407-3415B85EBFA1} = {76CBA50D-7BFB-4E90-842A-AA95B536A848}
		{A95CD2D4-B685-420D-AFB0-EB74AFA720D9} = {36F9B280-FFCC-490B-A637-D85CB3AEAAD9}
	EndGlobalSection
	GlobalSection(ExtensibilityGlobals) = postSolution
		SolutionGuid = {E9C71BBE-BEE9-4464-B59C-AE25FE4C2564}
	EndGlobalSection
EndGlobal
